// !$*UTF8*$!
{
	archiveVersion = 1;
	classes = {
	};
	objectVersion = 46;
	objects = {

/* Begin PBXBuildFile section */
		F42C1F391EB25FB100DA7A73 /* ScalingViewController.swift in Sources */ = {isa = PBXBuildFile; fileRef = F42C1F381EB25FB100DA7A73 /* ScalingViewController.swift */; };
		F44A4A9F1E7B7F9100023404 /* AppDelegate.swift in Sources */ = {isa = PBXBuildFile; fileRef = F44A4A9E1E7B7F9100023404 /* AppDelegate.swift */; };
		F44A4AA11E7B7F9100023404 /* ViewController.swift in Sources */ = {isa = PBXBuildFile; fileRef = F44A4AA01E7B7F9100023404 /* ViewController.swift */; };
		F44A4AA41E7B7F9100023404 /* Main.storyboard in Resources */ = {isa = PBXBuildFile; fileRef = F44A4AA21E7B7F9100023404 /* Main.storyboard */; };
		F44A4AA61E7B7F9100023404 /* Assets.xcassets in Resources */ = {isa = PBXBuildFile; fileRef = F44A4AA51E7B7F9100023404 /* Assets.xcassets */; };
		F44A4AA91E7B7F9100023404 /* LaunchScreen.storyboard in Resources */ = {isa = PBXBuildFile; fileRef = F44A4AA71E7B7F9100023404 /* LaunchScreen.storyboard */; };
		F44A4AB11E7B7FA100023404 /* kiwi1.jpg in Resources */ = {isa = PBXBuildFile; fileRef = F44A4AB01E7B7FA100023404 /* kiwi1.jpg */; };
		F4ECCFAD1EBA37260031E159 /* RotationViewController.swift in Sources */ = {isa = PBXBuildFile; fileRef = F4ECCFAC1EBA37260031E159 /* RotationViewController.swift */; };
		F4ECCFAF1EBA40B50031E159 /* CombinationViewController.swift in Sources */ = {isa = PBXBuildFile; fileRef = F4ECCFAE1EBA40B50031E159 /* CombinationViewController.swift */; };
/* End PBXBuildFile section */

/* Begin PBXFileReference section */
		F42C1F381EB25FB100DA7A73 /* ScalingViewController.swift */ = {isa = PBXFileReference; fileEncoding = 4; lastKnownFileType = sourcecode.swift; path = ScalingViewController.swift; sourceTree = "<group>"; };
		F44A4A9B1E7B7F9100023404 /* CGAffineTransformDemo.app */ = {isa = PBXFileReference; explicitFileType = wrapper.application; includeInIndex = 0; path = CGAffineTransformDemo.app; sourceTree = BUILT_PRODUCTS_DIR; };
		F44A4A9E1E7B7F9100023404 /* AppDelegate.swift */ = {isa = PBXFileReference; lastKnownFileType = sourcecode.swift; path = AppDelegate.swift; sourceTree = "<group>"; };
		F44A4AA01E7B7F9100023404 /* ViewController.swift */ = {isa = PBXFileReference; lastKnownFileType = sourcecode.swift; path = ViewController.swift; sourceTree = "<group>"; };
		F44A4AA31E7B7F9100023404 /* Base */ = {isa = PBXFileReference; lastKnownFileType = file.storyboard; name = Base; path = Base.lproj/Main.storyboard; sourceTree = "<group>"; };
		F44A4AA51E7B7F9100023404 /* Assets.xcassets */ = {isa = PBXFileReference; lastKnownFileType = folder.assetcatalog; path = Assets.xcassets; sourceTree = "<group>"; };
		F44A4AA81E7B7F9100023404 /* Base */ = {isa = PBXFileReference; lastKnownFileType = file.storyboard; name = Base; path = Base.lproj/LaunchScreen.storyboard; sourceTree = "<group>"; };
		F44A4AAA1E7B7F9100023404 /* Info.plist */ = {isa = PBXFileReference; lastKnownFileType = text.plist.xml; path = Info.plist; sourceTree = "<group>"; };
		F44A4AB01E7B7FA100023404 /* kiwi1.jpg */ = {isa = PBXFileReference; lastKnownFileType = image.jpeg; path = kiwi1.jpg; sourceTree = "<group>"; };
		F4ECCFAC1EBA37260031E159 /* RotationViewController.swift */ = {isa = PBXFileReference; fileEncoding = 4; lastKnownFileType = sourcecode.swift; path = RotationViewController.swift; sourceTree = "<group>"; };
		F4ECCFAE1EBA40B50031E159 /* CombinationViewController.swift */ = {isa = PBXFileReference; fileEncoding = 4; lastKnownFileType = sourcecode.swift; path = CombinationViewController.swift; sourceTree = "<group>"; };
/* End PBXFileReference section */

/* Begin PBXFrameworksBuildPhase section */
		F44A4A981E7B7F9100023404 /* Frameworks */ = {
			isa = PBXFrameworksBuildPhase;
			buildActionMask = 2147483647;
			files = (
			);
			runOnlyForDeploymentPostprocessing = 0;
		};
/* End PBXFrameworksBuildPhase section */

/* Begin PBXGroup section */
		F44A4A921E7B7F9100023404 = {
			isa = PBXGroup;
			children = (
				F44A4A9D1E7B7F9100023404 /* CGAffineTransformDemo */,
				F44A4A9C1E7B7F9100023404 /* Products */,
			);
			sourceTree = "<group>";
		};
		F44A4A9C1E7B7F9100023404 /* Products */ = {
			isa = PBXGroup;
			children = (
				F44A4A9B1E7B7F9100023404 /* CGAffineTransformDemo.app */,
			);
			name = Products;
			sourceTree = "<group>";
		};
		F44A4A9D1E7B7F9100023404 /* CGAffineTransformDemo */ = {
			isa = PBXGroup;
			children = (
				F44A4A9E1E7B7F9100023404 /* AppDelegate.swift */,
				F44A4AA01E7B7F9100023404 /* ViewController.swift */,
				F42C1F381EB25FB100DA7A73 /* ScalingViewController.swift */,
				F4ECCFAC1EBA37260031E159 /* RotationViewController.swift */,
				F4ECCFAE1EBA40B50031E159 /* CombinationViewController.swift */,
				F44A4AA21E7B7F9100023404 /* Main.storyboard */,
				F44A4AB01E7B7FA100023404 /* kiwi1.jpg */,
				F44A4AA51E7B7F9100023404 /* Assets.xcassets */,
				F44A4AA71E7B7F9100023404 /* LaunchScreen.storyboard */,
				F44A4AAA1E7B7F9100023404 /* Info.plist */,
			);
			path = CGAffineTransformDemo;
			sourceTree = "<group>";
		};
/* End PBXGroup section */

/* Begin PBXNativeTarget section */
		F44A4A9A1E7B7F9100023404 /* CGAffineTransformDemo */ = {
			isa = PBXNativeTarget;
			buildConfigurationList = F44A4AAD1E7B7F9100023404 /* Build configuration list for PBXNativeTarget "CGAffineTransformDemo" */;
			buildPhases = (
				F44A4A971E7B7F9100023404 /* Sources */,
				F44A4A981E7B7F9100023404 /* Frameworks */,
				F44A4A991E7B7F9100023404 /* Resources */,
			);
			buildRules = (
			);
			dependencies = (
			);
			name = CGAffineTransformDemo;
			productName = CGAffineTranslateDemo;
			productReference = F44A4A9B1E7B7F9100023404 /* CGAffineTransformDemo.app */;
			productType = "com.apple.product-type.application";
		};
/* End PBXNativeTarget section */

/* Begin PBXProject section */
		F44A4A931E7B7F9100023404 /* Project object */ = {
			isa = PBXProject;
			attributes = {
				LastSwiftUpdateCheck = 0820;
				LastUpgradeCheck = 1200;
				ORGANIZATIONNAME = "Arun Gupta";
				TargetAttributes = {
					F44A4A9A1E7B7F9100023404 = {
						CreatedOnToolsVersion = 8.2.1;
						ProvisioningStyle = Automatic;
					};
				};
			};
			buildConfigurationList = F44A4A961E7B7F9100023404 /* Build configuration list for PBXProject "CGAffineTransformDemo" */;
			compatibilityVersion = "Xcode 3.2";
			developmentRegion = en;
			hasScannedForEncodings = 0;
			knownRegions = (
				en,
				Base,
			);
			mainGroup = F44A4A921E7B7F9100023404;
			productRefGroup = F44A4A9C1E7B7F9100023404 /* Products */;
			projectDirPath = "";
			projectRoot = "";
			targets = (
				F44A4A9A1E7B7F9100023404 /* CGAffineTransformDemo */,
			);
		};
/* End PBXProject section */

/* Begin PBXResourcesBuildPhase section */
		F44A4A991E7B7F9100023404 /* Resources */ = {
			isa = PBXResourcesBuildPhase;
			buildActionMask = 2147483647;
			files = (
				F44A4AA91E7B7F9100023404 /* LaunchScreen.storyboard in Resources */,
				F44A4AB11E7B7FA100023404 /* kiwi1.jpg in Resources */,
				F44A4AA61E7B7F9100023404 /* Assets.xcassets in Resources */,
				F44A4AA41E7B7F9100023404 /* Main.storyboard in Resources */,
			);
			runOnlyForDeploymentPostprocessing = 0;
		};
/* End PBXResourcesBuildPhase section */

/* Begin PBXSourcesBuildPhase section */
		F44A4A971E7B7F9100023404 /* Sources */ = {
			isa = PBXSourcesBuildPhase;
			buildActionMask = 2147483647;
			files = (
				F44A4AA11E7B7F9100023404 /* ViewController.swift in Sources */,
				F42C1F391EB25FB100DA7A73 /* ScalingViewController.swift in Sources */,
				F4ECCFAD1EBA37260031E159 /* RotationViewController.swift in Sources */,
				F44A4A9F1E7B7F9100023404 /* AppDelegate.swift in Sources */,
				F4ECCFAF1EBA40B50031E159 /* CombinationViewController.swift in Sources */,
			);
			runOnlyForDeploymentPostprocessing = 0;
		};
/* End PBXSourcesBuildPhase section */

/* Begin PBXVariantGroup section */
		F44A4AA21E7B7F9100023404 /* Main.storyboard */ = {
			isa = PBXVariantGroup;
			children = (
				F44A4AA31E7B7F9100023404 /* Base */,
			);
			name = Main.storyboard;
			sourceTree = "<group>";
		};
		F44A4AA71E7B7F9100023404 /* LaunchScreen.storyboard */ = {
			isa = PBXVariantGroup;
			children = (
				F44A4AA81E7B7F9100023404 /* Base */,
			);
			name = LaunchScreen.storyboard;
			sourceTree = "<group>";
		};
/* End PBXVariantGroup section */

/* Begin XCBuildConfiguration section */
		F44A4AAB1E7B7F9100023404 /* Debug */ = {
			isa = XCBuildConfiguration;
			buildSettings = {
				ALWAYS_SEARCH_USER_PATHS = NO;
				CLANG_ANALYZER_LOCALIZABILITY_NONLOCALIZED = YES;
				CLANG_ANALYZER_NONNULL = YES;
				CLANG_CXX_LANGUAGE_STANDARD = "gnu++0x";
				CLANG_CXX_LIBRARY = "libc++";
				CLANG_ENABLE_MODULES = YES;
				CLANG_ENABLE_OBJC_ARC = YES;
				CLANG_WARN_BLOCK_CAPTURE_AUTORELEASING = YES;
				CLANG_WARN_BOOL_CONVERSION = YES;
				CLANG_WARN_COMMA = YES;
				CLANG_WARN_CONSTANT_CONVERSION = YES;
				CLANG_WARN_DEPRECATED_OBJC_IMPLEMENTATIONS = YES;
				CLANG_WARN_DIRECT_OBJC_ISA_USAGE = YES_ERROR;
				CLANG_WARN_DOCUMENTATION_COMMENTS = YES;
				CLANG_WARN_EMPTY_BODY = YES;
				CLANG_WARN_ENUM_CONVERSION = YES;
				CLANG_WARN_INFINITE_RECURSION = YES;
				CLANG_WARN_INT_CONVERSION = YES;
				CLANG_WARN_NON_LITERAL_NULL_CONVERSION = YES;
				CLANG_WARN_OBJC_IMPLICIT_RETAIN_SELF = YES;
				CLANG_WARN_OBJC_LITERAL_CONVERSION = YES;
				CLANG_WARN_OBJC_ROOT_CLASS = YES_ERROR;
				CLANG_WARN_QUOTED_INCLUDE_IN_FRAMEWORK_HEADER = YES;
				CLANG_WARN_RANGE_LOOP_ANALYSIS = YES;
				CLANG_WARN_STRICT_PROTOTYPES = YES;
				CLANG_WARN_SUSPICIOUS_MOVE = YES;
				CLANG_WARN_UNREACHABLE_CODE = YES;
				CLANG_WARN__DUPLICATE_METHOD_MATCH = YES;
				"CODE_SIGN_IDENTITY[sdk=iphoneos*]" = "iPhone Developer";
				COPY_PHASE_STRIP = NO;
				DEBUG_INFORMATION_FORMAT = dwarf;
				ENABLE_STRICT_OBJC_MSGSEND = YES;
				ENABLE_TESTABILITY = YES;
				GCC_C_LANGUAGE_STANDARD = gnu99;
				GCC_DYNAMIC_NO_PIC = NO;
				GCC_NO_COMMON_BLOCKS = YES;
				GCC_OPTIMIZATION_LEVEL = 0;
				GCC_PREPROCESSOR_DEFINITIONS = (
					"DEBUG=1",
					"$(inherited)",
				);
				GCC_WARN_64_TO_32_BIT_CONVERSION = YES;
				GCC_WARN_ABOUT_RETURN_TYPE = YES_ERROR;
				GCC_WARN_UNDECLARED_SELECTOR = YES;
				GCC_WARN_UNINITIALIZED_AUTOS = YES_AGGRESSIVE;
				GCC_WARN_UNUSED_FUNCTION = YES;
				GCC_WARN_UNUSED_VARIABLE = YES;
				IPHONEOS_DEPLOYMENT_TARGET = 12.0;
				MTL_ENABLE_DEBUG_INFO = YES;
				ONLY_ACTIVE_ARCH = YES;
				SDKROOT = iphoneos;
				SWIFT_ACTIVE_COMPILATION_CONDITIONS = DEBUG;
				SWIFT_OPTIMIZATION_LEVEL = "-Onone";
				TARGETED_DEVICE_FAMILY = "1,2";
			};
			name = Debug;
		};
		F44A4AAC1E7B7F9100023404 /* Release */ = {
			isa = XCBuildConfiguration;
			buildSettings = {
				ALWAYS_SEARCH_USER_PATHS = NO;
				CLANG_ANALYZER_LOCALIZABILITY_NONLOCALIZED = YES;
				CLANG_ANALYZER_NONNULL = YES;
				CLANG_CXX_LANGUAGE_STANDARD = "gnu++0x";
				CLANG_CXX_LIBRARY = "libc++";
				CLANG_ENABLE_MODULES = YES;
				CLANG_ENABLE_OBJC_ARC = YES;
				CLANG_WARN_BLOCK_CAPTURE_AUTORELEASING = YES;
				CLANG_WARN_BOOL_CONVERSION = YES;
				CLANG_WARN_COMMA = YES;
				CLANG_WARN_CONSTANT_CONVERSION = YES;
				CLANG_WARN_DEPRECATED_OBJC_IMPLEMENTATIONS = YES;
				CLANG_WARN_DIRECT_OBJC_ISA_USAGE = YES_ERROR;
				CLANG_WARN_DOCUMENTATION_COMMENTS = YES;
				CLANG_WARN_EMPTY_BODY = YES;
				CLANG_WARN_ENUM_CONVERSION = YES;
				CLANG_WARN_INFINITE_RECURSION = YES;
				CLANG_WARN_INT_CONVERSION = YES;
				CLANG_WARN_NON_LITERAL_NULL_CONVERSION = YES;
				CLANG_WARN_OBJC_IMPLICIT_RETAIN_SELF = YES;
				CLANG_WARN_OBJC_LITERAL_CONVERSION = YES;
				CLANG_WARN_OBJC_ROOT_CLASS = YES_ERROR;
				CLANG_WARN_QUOTED_INCLUDE_IN_FRAMEWORK_HEADER = YES;
				CLANG_WARN_RANGE_LOOP_ANALYSIS = YES;
				CLANG_WARN_STRICT_PROTOTYPES = YES;
				CLANG_WARN_SUSPICIOUS_MOVE = YES;
				CLANG_WARN_UNREACHABLE_CODE = YES;
				CLANG_WARN__DUPLICATE_METHOD_MATCH = YES;
				"CODE_SIGN_IDENTITY[sdk=iphoneos*]" = "iPhone Developer";
				COPY_PHASE_STRIP = NO;
				DEBUG_INFORMATION_FORMAT = "dwarf-with-dsym";
				ENABLE_NS_ASSERTIONS = NO;
				ENABLE_STRICT_OBJC_MSGSEND = YES;
				GCC_C_LANGUAGE_STANDARD = gnu99;
				GCC_NO_COMMON_BLOCKS = YES;
				GCC_WARN_64_TO_32_BIT_CONVERSION = YES;
				GCC_WARN_ABOUT_RETURN_TYPE = YES_ERROR;
				GCC_WARN_UNDECLARED_SELECTOR = YES;
				GCC_WARN_UNINITIALIZED_AUTOS = YES_AGGRESSIVE;
				GCC_WARN_UNUSED_FUNCTION = YES;
				GCC_WARN_UNUSED_VARIABLE = YES;
				IPHONEOS_DEPLOYMENT_TARGET = 12.0;
				MTL_ENABLE_DEBUG_INFO = NO;
				SDKROOT = iphoneos;
				SWIFT_OPTIMIZATION_LEVEL = "-Owholemodule";
				TARGETED_DEVICE_FAMILY = "1,2";
				VALIDATE_PRODUCT = YES;
			};
			name = Release;
		};
		F44A4AAE1E7B7F9100023404 /* Debug */ = {
			isa = XCBuildConfiguration;
			buildSettings = {
				ASSETCATALOG_COMPILER_APPICON_NAME = AppIcon;
				INFOPLIST_FILE = CGAffineTransformDemo/Info.plist;
				LD_RUNPATH_SEARCH_PATHS = "$(inherited) @executable_path/Frameworks";
				PRODUCT_BUNDLE_IDENTIFIER = com.test.CGAffineTransformDemo;
				PRODUCT_NAME = "$(TARGET_NAME)";
				SWIFT_VERSION = 5.0;
			};
			name = Debug;
		};
		F44A4AAF1E7B7F9100023404 /* Release */ = {
			isa = XCBuildConfiguration;
			buildSettings = {
				ASSETCATALOG_COMPILER_APPICON_NAME = AppIcon;
				INFOPLIST_FILE = CGAffineTransformDemo/Info.plist;
				LD_RUNPATH_SEARCH_PATHS = "$(inherited) @executable_path/Frameworks";
				PRODUCT_BUNDLE_IDENTIFIER = com.test.CGAffineTransformDemo;
				PRODUCT_NAME = "$(TARGET_NAME)";
				SWIFT_VERSION = 5.0;
			};
			name = Release;
		};
/* End XCBuildConfiguration section */

/* Begin XCConfigurationList section */
		F44A4A961E7B7F9100023404 /* Build configuration list for PBXProject "CGAffineTransformDemo" */ = {
			isa = XCConfigurationList;
			buildConfigurations = (
				F44A4AAB1E7B7F9100023404 /* Debug */,
				F44A4AAC1E7B7F9100023404 /* Release */,
			);
			defaultConfigurationIsVisible = 0;
			defaultConfigurationName = Release;
		};
		F44A4AAD1E7B7F9100023404 /* Build configuration list for PBXNativeTarget "CGAffineTransformDemo" */ = {
			isa = XCConfigurationList;
			buildConfigurations = (
				F44A4AAE1E7B7F9100023404 /* Debug */,
				F44A4AAF1E7B7F9100023404 /* Release */,
			);
			defaultConfigurationIsVisible = 0;
			defaultConfigurationName = Release;
		};
/* End XCConfigurationList section */
	};
	rootObject = F44A4A931E7B7F9100023404 /* Project object */;
}
