// !$*UTF8*$!
{
	archiveVersion = 1;
	classes = {
	};
	objectVersion = 50;
	objects = {

/* Begin PBXBuildFile section */
		5CA81D502719132A00A1B1A0 /* AppDelegate.swift in Sources */ = {isa = PBXBuildFile; fileRef = 5CA81D4F2719132A00A1B1A0 /* AppDelegate.swift */; };
		5CA81D522719132A00A1B1A0 /* SceneDelegate.swift in Sources */ = {isa = PBXBuildFile; fileRef = 5CA81D512719132A00A1B1A0 /* SceneDelegate.swift */; };
		5CA81D542719132A00A1B1A0 /* ViewController.swift in Sources */ = {isa = PBXBuildFile; fileRef = 5CA81D532719132A00A1B1A0 /* ViewController.swift */; };
		5CA81D572719132A00A1B1A0 /* Main.storyboard in Resources */ = {isa = PBXBuildFile; fileRef = 5CA81D552719132A00A1B1A0 /* Main.storyboard */; };
		5CA81D592719132B00A1B1A0 /* Assets.xcassets in Resources */ = {isa = PBXBuildFile; fileRef = 5CA81D582719132B00A1B1A0 /* Assets.xcassets */; };
		5CA81D5C2719132B00A1B1A0 /* LaunchScreen.storyboard in Resources */ = {isa = PBXBuildFile; fileRef = 5CA81D5A2719132B00A1B1A0 /* LaunchScreen.storyboard */; };
		5CA81D642719162F00A1B1A0 /* sample.log in Resources */ = {isa = PBXBuildFile; fileRef = 5CA81D632719162F00A1B1A0 /* sample.log */; };
/* End PBXBuildFile section */

/* Begin PBXFileReference section */
		5CA81D4C2719132A00A1B1A0 /* TestSplitString.app */ = {isa = PBXFileReference; explicitFileType = wrapper.application; includeInIndex = 0; path = TestSplitString.app; sourceTree = BUILT_PRODUCTS_DIR; };
		5CA81D4F2719132A00A1B1A0 /* AppDelegate.swift */ = {isa = PBXFileReference; lastKnownFileType = sourcecode.swift; path = AppDelegate.swift; sourceTree = "<group>"; };
		5CA81D512719132A00A1B1A0 /* SceneDelegate.swift */ = {isa = PBXFileReference; lastKnownFileType = sourcecode.swift; path = SceneDelegate.swift; sourceTree = "<group>"; };
		5CA81D532719132A00A1B1A0 /* ViewController.swift */ = {isa = PBXFileReference; lastKnownFileType = sourcecode.swift; path = ViewController.swift; sourceTree = "<group>"; };
		5CA81D562719132A00A1B1A0 /* Base */ = {isa = PBXFileReference; lastKnownFileType = file.storyboard; name = Base; path = Base.lproj/Main.storyboard; sourceTree = "<group>"; };
		5CA81D582719132B00A1B1A0 /* Assets.xcassets */ = {isa = PBXFileReference; lastKnownFileType = folder.assetcatalog; path = Assets.xcassets; sourceTree = "<group>"; };
		5CA81D5B2719132B00A1B1A0 /* Base */ = {isa = PBXFileReference; lastKnownFileType = file.storyboard; name = Base; path = Base.lproj/LaunchScreen.storyboard; sourceTree = "<group>"; };
		5CA81D5D2719132B00A1B1A0 /* Info.plist */ = {isa = PBXFileReference; lastKnownFileType = text.plist.xml; path = Info.plist; sourceTree = "<group>"; };
		5CA81D632719162F00A1B1A0 /* sample.log */ = {isa = PBXFileReference; fileEncoding = 4; lastKnownFileType = text; path = sample.log; sourceTree = "<group>"; };
/* End PBXFileReference section */

/* Begin PBXFrameworksBuildPhase section */
		5CA81D492719132A00A1B1A0 /* Frameworks */ = {
			isa = PBXFrameworksBuildPhase;
			buildActionMask = 2147483647;
			files = (
			);
			runOnlyForDeploymentPostprocessing = 0;
		};
/* End PBXFrameworksBuildPhase section */

/* Begin PBXGroup section */
		5CA81D432719132A00A1B1A0 = {
			isa = PBXGroup;
			children = (
				5CA81D4E2719132A00A1B1A0 /* TestSplitString */,
				5CA81D4D2719132A00A1B1A0 /* Products */,
			);
			sourceTree = "<group>";
		};
		5CA81D4D2719132A00A1B1A0 /* Products */ = {
			isa = PBXGroup;
			children = (
				5CA81D4C2719132A00A1B1A0 /* TestSplitString.app */,
			);
			name = Products;
			sourceTree = "<group>";
		};
		5CA81D4E2719132A00A1B1A0 /* TestSplitString */ = {
			isa = PBXGroup;
			children = (
				5CA81D632719162F00A1B1A0 /* sample.log */,
				5CA81D4F2719132A00A1B1A0 /* AppDelegate.swift */,
				5CA81D512719132A00A1B1A0 /* SceneDelegate.swift */,
				5CA81D532719132A00A1B1A0 /* ViewController.swift */,
				5CA81D552719132A00A1B1A0 /* Main.storyboard */,
				5CA81D582719132B00A1B1A0 /* Assets.xcassets */,
				5CA81D5A2719132B00A1B1A0 /* LaunchScreen.storyboard */,
				5CA81D5D2719132B00A1B1A0 /* Info.plist */,
			);
			path = TestSplitString;
			sourceTree = "<group>";
		};
/* End PBXGroup section */

/* Begin PBXNativeTarget section */
		5CA81D4B2719132A00A1B1A0 /* TestSplitString */ = {
			isa = PBXNativeTarget;
			buildConfigurationList = 5CA81D602719132B00A1B1A0 /* Build configuration list for PBXNativeTarget "TestSplitString" */;
			buildPhases = (
				5CA81D482719132A00A1B1A0 /* Sources */,
				5CA81D492719132A00A1B1A0 /* Frameworks */,
				5CA81D4A2719132A00A1B1A0 /* Resources */,
			);
			buildRules = (
			);
			dependencies = (
			);
			name = TestSplitString;
			productName = TestSplitString;
			productReference = 5CA81D4C2719132A00A1B1A0 /* TestSplitString.app */;
			productType = "com.apple.product-type.application";
		};
/* End PBXNativeTarget section */

/* Begin PBXProject section */
		5CA81D442719132A00A1B1A0 /* Project object */ = {
			isa = PBXProject;
			attributes = {
				LastSwiftUpdateCheck = 1250;
				LastUpgradeCheck = 1250;
				TargetAttributes = {
					5CA81D4B2719132A00A1B1A0 = {
						CreatedOnToolsVersion = 12.5.1;
					};
				};
			};
			buildConfigurationList = 5CA81D472719132A00A1B1A0 /* Build configuration list for PBXProject "TestSplitString" */;
			compatibilityVersion = "Xcode 9.3";
			developmentRegion = en;
			hasScannedForEncodings = 0;
			knownRegions = (
				en,
				Base,
			);
			mainGroup = 5CA81D432719132A00A1B1A0;
			productRefGroup = 5CA81D4D2719132A00A1B1A0 /* Products */;
			projectDirPath = "";
			projectRoot = "";
			targets = (
				5CA81D4B2719132A00A1B1A0 /* TestSplitString */,
			);
		};
/* End PBXProject section */

/* Begin PBXResourcesBuildPhase section */
		5CA81D4A2719132A00A1B1A0 /* Resources */ = {
			isa = PBXResourcesBuildPhase;
			buildActionMask = 2147483647;
			files = (
				5CA81D642719162F00A1B1A0 /* sample.log in Resources */,
				5CA81D5C2719132B00A1B1A0 /* LaunchScreen.storyboard in Resources */,
				5CA81D592719132B00A1B1A0 /* Assets.xcassets in Resources */,
				5CA81D572719132A00A1B1A0 /* Main.storyboard in Resources */,
			);
			runOnlyForDeploymentPostprocessing = 0;
		};
/* End PBXResourcesBuildPhase section */

/* Begin PBXSourcesBuildPhase section */
		5CA81D482719132A00A1B1A0 /* Sources */ = {
			isa = PBXSourcesBuildPhase;
			buildActionMask = 2147483647;
			files = (
				5CA81D542719132A00A1B1A0 /* ViewController.swift in Sources */,
				5CA81D502719132A00A1B1A0 /* AppDelegate.swift in Sources */,
				5CA81D522719132A00A1B1A0 /* SceneDelegate.swift in Sources */,
			);
			runOnlyForDeploymentPostprocessing = 0;
		};
/* End PBXSourcesBuildPhase section */

/* Begin PBXVariantGroup section */
		5CA81D552719132A00A1B1A0 /* Main.storyboard */ = {
			isa = PBXVariantGroup;
			children = (
				5CA81D562719132A00A1B1A0 /* Base */,
			);
			name = Main.storyboard;
			sourceTree = "<group>";
		};
		5CA81D5A2719132B00A1B1A0 /* LaunchScreen.storyboard */ = {
			isa = PBXVariantGroup;
			children = (
				5CA81D5B2719132B00A1B1A0 /* Base */,
			);
			name = LaunchScreen.storyboard;
			sourceTree = "<group>";
		};
/* End PBXVariantGroup section */

/* Begin XCBuildConfiguration section */
		5CA81D5E2719132B00A1B1A0 /* Debug */ = {
			isa = XCBuildConfiguration;
			buildSettings = {
				ALWAYS_SEARCH_USER_PATHS = NO;
				CLANG_ANALYZER_NONNULL = YES;
				CLANG_ANALYZER_NUMBER_OBJECT_CONVERSION = YES_AGGRESSIVE;
				CLANG_CXX_LANGUAGE_STANDARD = "gnu++14";
				CLANG_CXX_LIBRARY = "libc++";
				CLANG_ENABLE_MODULES = YES;
				CLANG_ENABLE_OBJC_ARC = YES;
				CLANG_ENABLE_OBJC_WEAK = YES;
				CLANG_WARN_BLOCK_CAPTURE_AUTORELEASING = YES;
				CLANG_WARN_BOOL_CONVERSION = YES;
				CLANG_WARN_COMMA = YES;
				CLANG_WARN_CONSTANT_CONVERSION = YES;
				CLANG_WARN_DEPRECATED_OBJC_IMPLEMENTATIONS = YES;
				CLANG_WARN_DIRECT_OBJC_ISA_USAGE = YES_ERROR;
				CLANG_WARN_DOCUMENTATION_COMMENTS = YES;
				CLANG_WARN_EMPTY_BODY = YES;
				CLANG_WARN_ENUM_CONVERSION = YES;
				CLANG_WARN_INFINITE_RECURSION = YES;
				CLANG_WARN_INT_CONVERSION = YES;
				CLANG_WARN_NON_LITERAL_NULL_CONVERSION = YES;
				CLANG_WARN_OBJC_IMPLICIT_RETAIN_SELF = YES;
				CLANG_WARN_OBJC_LITERAL_CONVERSION = YES;
				CLANG_WARN_OBJC_ROOT_CLASS = YES_ERROR;
				CLANG_WARN_QUOTED_INCLUDE_IN_FRAMEWORK_HEADER = YES;
				CLANG_WARN_RANGE_LOOP_ANALYSIS = YES;
				CLANG_WARN_STRICT_PROTOTYPES = YES;
				CLANG_WARN_SUSPICIOUS_MOVE = YES;
				CLANG_WARN_UNGUARDED_AVAILABILITY = YES_AGGRESSIVE;
				CLANG_WARN_UNREACHABLE_CODE = YES;
				CLANG_WARN__DUPLICATE_METHOD_MATCH = YES;
				COPY_PHASE_STRIP = NO;
				DEBUG_INFORMATION_FORMAT = dwarf;
				ENABLE_STRICT_OBJC_MSGSEND = YES;
				ENABLE_TESTABILITY = YES;
				GCC_C_LANGUAGE_STANDARD = gnu11;
				GCC_DYNAMIC_NO_PIC = NO;
				GCC_NO_COMMON_BLOCKS = YES;
				GCC_OPTIMIZATION_LEVEL = 0;
				GCC_PREPROCESSOR_DEFINITIONS = (
					"DEBUG=1",
					"$(inherited)",
				);
				GCC_WARN_64_TO_32_BIT_CONVERSION = YES;
				GCC_WARN_ABOUT_RETURN_TYPE = YES_ERROR;
				GCC_WARN_UNDECLARED_SELECTOR = YES;
				GCC_WARN_UNINITIALIZED_AUTOS = YES_AGGRESSIVE;
				GCC_WARN_UNUSED_FUNCTION = YES;
				GCC_WARN_UNUSED_VARIABLE = YES;
				IPHONEOS_DEPLOYMENT_TARGET = 14.5;
				MTL_ENABLE_DEBUG_INFO = INCLUDE_SOURCE;
				MTL_FAST_MATH = YES;
				ONLY_ACTIVE_ARCH = YES;
				SDKROOT = iphoneos;
				SWIFT_ACTIVE_COMPILATION_CONDITIONS = DEBUG;
				SWIFT_OPTIMIZATION_LEVEL = "-Onone";
			};
			name = Debug;
		};
		5CA81D5F2719132B00A1B1A0 /* Release */ = {
			isa = XCBuildConfiguration;
			buildSettings = {
				ALWAYS_SEARCH_USER_PATHS = NO;
				CLANG_ANALYZER_NONNULL = YES;
				CLANG_ANALYZER_NUMBER_OBJECT_CONVERSION = YES_AGGRESSIVE;
				CLANG_CXX_LANGUAGE_STANDARD = "gnu++14";
				CLANG_CXX_LIBRARY = "libc++";
				CLANG_ENABLE_MODULES = YES;
				CLANG_ENABLE_OBJC_ARC = YES;
				CLANG_ENABLE_OBJC_WEAK = YES;
				CLANG_WARN_BLOCK_CAPTURE_AUTORELEASING = YES;
				CLANG_WARN_BOOL_CONVERSION = YES;
				CLANG_WARN_COMMA = YES;
				CLANG_WARN_CONSTANT_CONVERSION = YES;
				CLANG_WARN_DEPRECATED_OBJC_IMPLEMENTATIONS = YES;
				CLANG_WARN_DIRECT_OBJC_ISA_USAGE = YES_ERROR;
				CLANG_WARN_DOCUMENTATION_COMMENTS = YES;
				CLANG_WARN_EMPTY_BODY = YES;
				CLANG_WARN_ENUM_CONVERSION = YES;
				CLANG_WARN_INFINITE_RECURSION = YES;
				CLANG_WARN_INT_CONVERSION = YES;
				CLANG_WARN_NON_LITERAL_NULL_CONVERSION = YES;
				CLANG_WARN_OBJC_IMPLICIT_RETAIN_SELF = YES;
				CLANG_WARN_OBJC_LITERAL_CONVERSION = YES;
				CLANG_WARN_OBJC_ROOT_CLASS = YES_ERROR;
				CLANG_WARN_QUOTED_INCLUDE_IN_FRAMEWORK_HEADER = YES;
				CLANG_WARN_RANGE_LOOP_ANALYSIS = YES;
				CLANG_WARN_STRICT_PROTOTYPES = YES;
				CLANG_WARN_SUSPICIOUS_MOVE = YES;
				CLANG_WARN_UNGUARDED_AVAILABILITY = YES_AGGRESSIVE;
				CLANG_WARN_UNREACHABLE_CODE = YES;
				CLANG_WARN__DUPLICATE_METHOD_MATCH = YES;
				COPY_PHASE_STRIP = NO;
				DEBUG_INFORMATION_FORMAT = "dwarf-with-dsym";
				ENABLE_NS_ASSERTIONS = NO;
				ENABLE_STRICT_OBJC_MSGSEND = YES;
				GCC_C_LANGUAGE_STANDARD = gnu11;
				GCC_NO_COMMON_BLOCKS = YES;
				GCC_WARN_64_TO_32_BIT_CONVERSION = YES;
				GCC_WARN_ABOUT_RETURN_TYPE = YES_ERROR;
				GCC_WARN_UNDECLARED_SELECTOR = YES;
				GCC_WARN_UNINITIALIZED_AUTOS = YES_AGGRESSIVE;
				GCC_WARN_UNUSED_FUNCTION = YES;
				GCC_WARN_UNUSED_VARIABLE = YES;
				IPHONEOS_DEPLOYMENT_TARGET = 14.5;
				MTL_ENABLE_DEBUG_INFO = NO;
				MTL_FAST_MATH = YES;
				SDKROOT = iphoneos;
				SWIFT_COMPILATION_MODE = wholemodule;
				SWIFT_OPTIMIZATION_LEVEL = "-O";
				VALIDATE_PRODUCT = YES;
			};
			name = Release;
		};
		5CA81D612719132B00A1B1A0 /* Debug */ = {
			isa = XCBuildConfiguration;
			buildSettings = {
				ASSETCATALOG_COMPILER_APPICON_NAME = AppIcon;
				ASSETCATALOG_COMPILER_GLOBAL_ACCENT_COLOR_NAME = AccentColor;
				CODE_SIGN_STYLE = Automatic;
				INFOPLIST_FILE = TestSplitString/Info.plist;
				LD_RUNPATH_SEARCH_PATHS = (
					"$(inherited)",
					"@executable_path/Frameworks",
				);
				PRODUCT_BUNDLE_IDENTIFIER = com.exlinct.TestSplitString;
				PRODUCT_NAME = "$(TARGET_NAME)";
				SWIFT_VERSION = 5.0;
				TARGETED_DEVICE_FAMILY = "1,2";
			};
			name = Debug;
		};
		5CA81D622719132B00A1B1A0 /* Release */ = {
			isa = XCBuildConfiguration;
			buildSettings = {
				ASSETCATALOG_COMPILER_APPICON_NAME = AppIcon;
				ASSETCATALOG_COMPILER_GLOBAL_ACCENT_COLOR_NAME = AccentColor;
				CODE_SIGN_STYLE = Automatic;
				INFOPLIST_FILE = TestSplitString/Info.plist;
				LD_RUNPATH_SEARCH_PATHS = (
					"$(inherited)",
					"@executable_path/Frameworks",
				);
				PRODUCT_BUNDLE_IDENTIFIER = com.exlinct.TestSplitString;
				PRODUCT_NAME = "$(TARGET_NAME)";
				SWIFT_VERSION = 5.0;
				TARGETED_DEVICE_FAMILY = "1,2";
			};
			name = Release;
		};
/* End XCBuildConfiguration section */

/* Begin XCConfigurationList section */
		5CA81D472719132A00A1B1A0 /* Build configuration list for PBXProject "TestSplitString" */ = {
			isa = XCConfigurationList;
			buildConfigurations = (
				5CA81D5E2719132B00A1B1A0 /* Debug */,
				5CA81D5F2719132B00A1B1A0 /* Release */,
			);
			defaultConfigurationIsVisible = 0;
			defaultConfigurationName = Release;
		};
		5CA81D602719132B00A1B1A0 /* Build configuration list for PBXNativeTarget "TestSplitString" */ = {
			isa = XCConfigurationList;
			buildConfigurations = (
				5CA81D612719132B00A1B1A0 /* Debug */,
				5CA81D622719132B00A1B1A0 /* Release */,
			);
			defaultConfigurationIsVisible = 0;
			defaultConfigurationName = Release;
		};
/* End XCConfigurationList section */
	};
	rootObject = 5CA81D442719132A00A1B1A0 /* Project object */;
}
