// !$*UTF8*$!
{
	archiveVersion = 1;
	classes = {
	};
	objectVersion = 46;
	objects = {

/* Begin PBXBuildFile section */
		2A2668381F281BF700118162 /* AppDelegate.swift in Sources */ = {isa = PBXBuildFile; fileRef = 2A2668371F281BF700118162 /* AppDelegate.swift */; };
		2A26683A1F281BF700118162 /* ViewController.swift in Sources */ = {isa = PBXBuildFile; fileRef = 2A2668391F281BF700118162 /* ViewController.swift */; };
		2A26683D1F281BF700118162 /* Main.storyboard in Resources */ = {isa = PBXBuildFile; fileRef = 2A26683B1F281BF700118162 /* Main.storyboard */; };
		2A26683F1F281BF700118162 /* Assets.xcassets in Resources */ = {isa = PBXBuildFile; fileRef = 2A26683E1F281BF700118162 /* Assets.xcassets */; };
		2A2668421F281BF700118162 /* LaunchScreen.storyboard in Resources */ = {isa = PBXBuildFile; fileRef = 2A2668401F281BF700118162 /* LaunchScreen.storyboard */; };
		2A26684D1F281BF700118162 /* checkExistAndCreateFolderTests.swift in Sources */ = {isa = PBXBuildFile; fileRef = 2A26684C1F281BF700118162 /* checkExistAndCreateFolderTests.swift */; };
		2A2668581F281BF700118162 /* checkExistAndCreateFolderUITests.swift in Sources */ = {isa = PBXBuildFile; fileRef = 2A2668571F281BF700118162 /* checkExistAndCreateFolderUITests.swift */; };
		2A2668661F281C1A00118162 /* RootViewController.swift in Sources */ = {isa = PBXBuildFile; fileRef = 2A2668651F281C1A00118162 /* RootViewController.swift */; };
/* End PBXBuildFile section */

/* Begin PBXContainerItemProxy section */
		2A2668491F281BF700118162 /* PBXContainerItemProxy */ = {
			isa = PBXContainerItemProxy;
			containerPortal = 2A26682C1F281BF700118162 /* Project object */;
			proxyType = 1;
			remoteGlobalIDString = 2A2668331F281BF700118162;
			remoteInfo = checkExistAndCreateFolder;
		};
		2A2668541F281BF700118162 /* PBXContainerItemProxy */ = {
			isa = PBXContainerItemProxy;
			containerPortal = 2A26682C1F281BF700118162 /* Project object */;
			proxyType = 1;
			remoteGlobalIDString = 2A2668331F281BF700118162;
			remoteInfo = checkExistAndCreateFolder;
		};
/* End PBXContainerItemProxy section */

/* Begin PBXFileReference section */
		2A2668341F281BF700118162 /* checkExistAndCreateFolder.app */ = {isa = PBXFileReference; explicitFileType = wrapper.application; includeInIndex = 0; path = checkExistAndCreateFolder.app; sourceTree = BUILT_PRODUCTS_DIR; };
		2A2668371F281BF700118162 /* AppDelegate.swift */ = {isa = PBXFileReference; lastKnownFileType = sourcecode.swift; path = AppDelegate.swift; sourceTree = "<group>"; };
		2A2668391F281BF700118162 /* ViewController.swift */ = {isa = PBXFileReference; lastKnownFileType = sourcecode.swift; path = ViewController.swift; sourceTree = "<group>"; };
		2A26683C1F281BF700118162 /* Base */ = {isa = PBXFileReference; lastKnownFileType = file.storyboard; name = Base; path = Base.lproj/Main.storyboard; sourceTree = "<group>"; };
		2A26683E1F281BF700118162 /* Assets.xcassets */ = {isa = PBXFileReference; lastKnownFileType = folder.assetcatalog; path = Assets.xcassets; sourceTree = "<group>"; };
		2A2668411F281BF700118162 /* Base */ = {isa = PBXFileReference; lastKnownFileType = file.storyboard; name = Base; path = Base.lproj/LaunchScreen.storyboard; sourceTree = "<group>"; };
		2A2668431F281BF700118162 /* Info.plist */ = {isa = PBXFileReference; lastKnownFileType = text.plist.xml; path = Info.plist; sourceTree = "<group>"; };
		2A2668481F281BF700118162 /* checkExistAndCreateFolderTests.xctest */ = {isa = PBXFileReference; explicitFileType = wrapper.cfbundle; includeInIndex = 0; path = checkExistAndCreateFolderTests.xctest; sourceTree = BUILT_PRODUCTS_DIR; };
		2A26684C1F281BF700118162 /* checkExistAndCreateFolderTests.swift */ = {isa = PBXFileReference; lastKnownFileType = sourcecode.swift; path = checkExistAndCreateFolderTests.swift; sourceTree = "<group>"; };
		2A26684E1F281BF700118162 /* Info.plist */ = {isa = PBXFileReference; lastKnownFileType = text.plist.xml; path = Info.plist; sourceTree = "<group>"; };
		2A2668531F281BF700118162 /* checkExistAndCreateFolderUITests.xctest */ = {isa = PBXFileReference; explicitFileType = wrapper.cfbundle; includeInIndex = 0; path = checkExistAndCreateFolderUITests.xctest; sourceTree = BUILT_PRODUCTS_DIR; };
		2A2668571F281BF700118162 /* checkExistAndCreateFolderUITests.swift */ = {isa = PBXFileReference; lastKnownFileType = sourcecode.swift; path = checkExistAndCreateFolderUITests.swift; sourceTree = "<group>"; };
		2A2668591F281BF700118162 /* Info.plist */ = {isa = PBXFileReference; lastKnownFileType = text.plist.xml; path = Info.plist; sourceTree = "<group>"; };
		2A2668651F281C1A00118162 /* RootViewController.swift */ = {isa = PBXFileReference; fileEncoding = 4; lastKnownFileType = sourcecode.swift; path = RootViewController.swift; sourceTree = "<group>"; };
/* End PBXFileReference section */

/* Begin PBXFrameworksBuildPhase section */
		2A2668311F281BF700118162 /* Frameworks */ = {
			isa = PBXFrameworksBuildPhase;
			buildActionMask = 2147483647;
			files = (
			);
			runOnlyForDeploymentPostprocessing = 0;
		};
		2A2668451F281BF700118162 /* Frameworks */ = {
			isa = PBXFrameworksBuildPhase;
			buildActionMask = 2147483647;
			files = (
			);
			runOnlyForDeploymentPostprocessing = 0;
		};
		2A2668501F281BF700118162 /* Frameworks */ = {
			isa = PBXFrameworksBuildPhase;
			buildActionMask = 2147483647;
			files = (
			);
			runOnlyForDeploymentPostprocessing = 0;
		};
/* End PBXFrameworksBuildPhase section */

/* Begin PBXGroup section */
		2A26682B1F281BF700118162 = {
			isa = PBXGroup;
			children = (
				2A2668361F281BF700118162 /* checkExistAndCreateFolder */,
				2A26684B1F281BF700118162 /* checkExistAndCreateFolderTests */,
				2A2668561F281BF700118162 /* checkExistAndCreateFolderUITests */,
				2A2668351F281BF700118162 /* Products */,
			);
			sourceTree = "<group>";
		};
		2A2668351F281BF700118162 /* Products */ = {
			isa = PBXGroup;
			children = (
				2A2668341F281BF700118162 /* checkExistAndCreateFolder.app */,
				2A2668481F281BF700118162 /* checkExistAndCreateFolderTests.xctest */,
				2A2668531F281BF700118162 /* checkExistAndCreateFolderUITests.xctest */,
			);
			name = Products;
			sourceTree = "<group>";
		};
		2A2668361F281BF700118162 /* checkExistAndCreateFolder */ = {
			isa = PBXGroup;
			children = (
				2A2668371F281BF700118162 /* AppDelegate.swift */,
				2A2668651F281C1A00118162 /* RootViewController.swift */,
				2A2668391F281BF700118162 /* ViewController.swift */,
				2A26683B1F281BF700118162 /* Main.storyboard */,
				2A26683E1F281BF700118162 /* Assets.xcassets */,
				2A2668401F281BF700118162 /* LaunchScreen.storyboard */,
				2A2668431F281BF700118162 /* Info.plist */,
			);
			path = checkExistAndCreateFolder;
			sourceTree = "<group>";
		};
		2A26684B1F281BF700118162 /* checkExistAndCreateFolderTests */ = {
			isa = PBXGroup;
			children = (
				2A26684C1F281BF700118162 /* checkExistAndCreateFolderTests.swift */,
				2A26684E1F281BF700118162 /* Info.plist */,
			);
			path = checkExistAndCreateFolderTests;
			sourceTree = "<group>";
		};
		2A2668561F281BF700118162 /* checkExistAndCreateFolderUITests */ = {
			isa = PBXGroup;
			children = (
				2A2668571F281BF700118162 /* checkExistAndCreateFolderUITests.swift */,
				2A2668591F281BF700118162 /* Info.plist */,
			);
			path = checkExistAndCreateFolderUITests;
			sourceTree = "<group>";
		};
/* End PBXGroup section */

/* Begin PBXNativeTarget section */
		2A2668331F281BF700118162 /* checkExistAndCreateFolder */ = {
			isa = PBXNativeTarget;
			buildConfigurationList = 2A26685C1F281BF700118162 /* Build configuration list for PBXNativeTarget "checkExistAndCreateFolder" */;
			buildPhases = (
				2A2668301F281BF700118162 /* Sources */,
				2A2668311F281BF700118162 /* Frameworks */,
				2A2668321F281BF700118162 /* Resources */,
			);
			buildRules = (
			);
			dependencies = (
			);
			name = checkExistAndCreateFolder;
			productName = checkExistAndCreateFolder;
			productReference = 2A2668341F281BF700118162 /* checkExistAndCreateFolder.app */;
			productType = "com.apple.product-type.application";
		};
		2A2668471F281BF700118162 /* checkExistAndCreateFolderTests */ = {
			isa = PBXNativeTarget;
			buildConfigurationList = 2A26685F1F281BF700118162 /* Build configuration list for PBXNativeTarget "checkExistAndCreateFolderTests" */;
			buildPhases = (
				2A2668441F281BF700118162 /* Sources */,
				2A2668451F281BF700118162 /* Frameworks */,
				2A2668461F281BF700118162 /* Resources */,
			);
			buildRules = (
			);
			dependencies = (
				2A26684A1F281BF700118162 /* PBXTargetDependency */,
			);
			name = checkExistAndCreateFolderTests;
			productName = checkExistAndCreateFolderTests;
			productReference = 2A2668481F281BF700118162 /* checkExistAndCreateFolderTests.xctest */;
			productType = "com.apple.product-type.bundle.unit-test";
		};
		2A2668521F281BF700118162 /* checkExistAndCreateFolderUITests */ = {
			isa = PBXNativeTarget;
			buildConfigurationList = 2A2668621F281BF700118162 /* Build configuration list for PBXNativeTarget "checkExistAndCreateFolderUITests" */;
			buildPhases = (
				2A26684F1F281BF700118162 /* Sources */,
				2A2668501F281BF700118162 /* Frameworks */,
				2A2668511F281BF700118162 /* Resources */,
			);
			buildRules = (
			);
			dependencies = (
				2A2668551F281BF700118162 /* PBXTargetDependency */,
			);
			name = checkExistAndCreateFolderUITests;
			productName = checkExistAndCreateFolderUITests;
			productReference = 2A2668531F281BF700118162 /* checkExistAndCreateFolderUITests.xctest */;
			productType = "com.apple.product-type.bundle.ui-testing";
		};
/* End PBXNativeTarget section */

/* Begin PBXProject section */
		2A26682C1F281BF700118162 /* Project object */ = {
			isa = PBXProject;
			attributes = {
				LastSwiftUpdateCheck = 0830;
				LastUpgradeCheck = 1150;
				ORGANIZATIONNAME = "Huy Pham";
				TargetAttributes = {
					2A2668331F281BF700118162 = {
						CreatedOnToolsVersion = 8.3.3;
						ProvisioningStyle = Automatic;
					};
					2A2668471F281BF700118162 = {
						CreatedOnToolsVersion = 8.3.3;
						ProvisioningStyle = Automatic;
						TestTargetID = 2A2668331F281BF700118162;
					};
					2A2668521F281BF700118162 = {
						CreatedOnToolsVersion = 8.3.3;
						ProvisioningStyle = Automatic;
						TestTargetID = 2A2668331F281BF700118162;
					};
				};
			};
			buildConfigurationList = 2A26682F1F281BF700118162 /* Build configuration list for PBXProject "checkExistAndCreateFolder" */;
			compatibilityVersion = "Xcode 3.2";
			developmentRegion = en;
			hasScannedForEncodings = 0;
			knownRegions = (
				en,
				Base,
			);
			mainGroup = 2A26682B1F281BF700118162;
			productRefGroup = 2A2668351F281BF700118162 /* Products */;
			projectDirPath = "";
			projectRoot = "";
			targets = (
				2A2668331F281BF700118162 /* checkExistAndCreateFolder */,
				2A2668471F281BF700118162 /* checkExistAndCreateFolderTests */,
				2A2668521F281BF700118162 /* checkExistAndCreateFolderUITests */,
			);
		};
/* End PBXProject section */

/* Begin PBXResourcesBuildPhase section */
		2A2668321F281BF700118162 /* Resources */ = {
			isa = PBXResourcesBuildPhase;
			buildActionMask = 2147483647;
			files = (
				2A2668421F281BF700118162 /* LaunchScreen.storyboard in Resources */,
				2A26683F1F281BF700118162 /* Assets.xcassets in Resources */,
				2A26683D1F281BF700118162 /* Main.storyboard in Resources */,
			);
			runOnlyForDeploymentPostprocessing = 0;
		};
		2A2668461F281BF700118162 /* Resources */ = {
			isa = PBXResourcesBuildPhase;
			buildActionMask = 2147483647;
			files = (
			);
			runOnlyForDeploymentPostprocessing = 0;
		};
		2A2668511F281BF700118162 /* Resources */ = {
			isa = PBXResourcesBuildPhase;
			buildActionMask = 2147483647;
			files = (
			);
			runOnlyForDeploymentPostprocessing = 0;
		};
/* End PBXResourcesBuildPhase section */

/* Begin PBXSourcesBuildPhase section */
		2A2668301F281BF700118162 /* Sources */ = {
			isa = PBXSourcesBuildPhase;
			buildActionMask = 2147483647;
			files = (
				2A26683A1F281BF700118162 /* ViewController.swift in Sources */,
				2A2668381F281BF700118162 /* AppDelegate.swift in Sources */,
				2A2668661F281C1A00118162 /* RootViewController.swift in Sources */,
			);
			runOnlyForDeploymentPostprocessing = 0;
		};
		2A2668441F281BF700118162 /* Sources */ = {
			isa = PBXSourcesBuildPhase;
			buildActionMask = 2147483647;
			files = (
				2A26684D1F281BF700118162 /* checkExistAndCreateFolderTests.swift in Sources */,
			);
			runOnlyForDeploymentPostprocessing = 0;
		};
		2A26684F1F281BF700118162 /* Sources */ = {
			isa = PBXSourcesBuildPhase;
			buildActionMask = 2147483647;
			files = (
				2A2668581F281BF700118162 /* checkExistAndCreateFolderUITests.swift in Sources */,
			);
			runOnlyForDeploymentPostprocessing = 0;
		};
/* End PBXSourcesBuildPhase section */

/* Begin PBXTargetDependency section */
		2A26684A1F281BF700118162 /* PBXTargetDependency */ = {
			isa = PBXTargetDependency;
			target = 2A2668331F281BF700118162 /* checkExistAndCreateFolder */;
			targetProxy = 2A2668491F281BF700118162 /* PBXContainerItemProxy */;
		};
		2A2668551F281BF700118162 /* PBXTargetDependency */ = {
			isa = PBXTargetDependency;
			target = 2A2668331F281BF700118162 /* checkExistAndCreateFolder */;
			targetProxy = 2A2668541F281BF700118162 /* PBXContainerItemProxy */;
		};
/* End PBXTargetDependency section */

/* Begin PBXVariantGroup section */
		2A26683B1F281BF700118162 /* Main.storyboard */ = {
			isa = PBXVariantGroup;
			children = (
				2A26683C1F281BF700118162 /* Base */,
			);
			name = Main.storyboard;
			sourceTree = "<group>";
		};
		2A2668401F281BF700118162 /* LaunchScreen.storyboard */ = {
			isa = PBXVariantGroup;
			children = (
				2A2668411F281BF700118162 /* Base */,
			);
			name = LaunchScreen.storyboard;
			sourceTree = "<group>";
		};
/* End PBXVariantGroup section */

/* Begin XCBuildConfiguration section */
		2A26685A1F281BF700118162 /* Debug */ = {
			isa = XCBuildConfiguration;
			buildSettings = {
				ALWAYS_SEARCH_USER_PATHS = NO;
				CLANG_ANALYZER_LOCALIZABILITY_NONLOCALIZED = YES;
				CLANG_ANALYZER_NONNULL = YES;
				CLANG_ANALYZER_NUMBER_OBJECT_CONVERSION = YES_AGGRESSIVE;
				CLANG_CXX_LANGUAGE_STANDARD = "gnu++0x";
				CLANG_CXX_LIBRARY = "libc++";
				CLANG_ENABLE_MODULES = YES;
				CLANG_ENABLE_OBJC_ARC = YES;
				CLANG_WARN_BLOCK_CAPTURE_AUTORELEASING = YES;
				CLANG_WARN_BOOL_CONVERSION = YES;
				CLANG_WARN_COMMA = YES;
				CLANG_WARN_CONSTANT_CONVERSION = YES;
				CLANG_WARN_DEPRECATED_OBJC_IMPLEMENTATIONS = YES;
				CLANG_WARN_DIRECT_OBJC_ISA_USAGE = YES_ERROR;
				CLANG_WARN_DOCUMENTATION_COMMENTS = YES;
				CLANG_WARN_EMPTY_BODY = YES;
				CLANG_WARN_ENUM_CONVERSION = YES;
				CLANG_WARN_INFINITE_RECURSION = YES;
				CLANG_WARN_INT_CONVERSION = YES;
				CLANG_WARN_NON_LITERAL_NULL_CONVERSION = YES;
				CLANG_WARN_OBJC_IMPLICIT_RETAIN_SELF = YES;
				CLANG_WARN_OBJC_LITERAL_CONVERSION = YES;
				CLANG_WARN_OBJC_ROOT_CLASS = YES_ERROR;
				CLANG_WARN_RANGE_LOOP_ANALYSIS = YES;
				CLANG_WARN_STRICT_PROTOTYPES = YES;
				CLANG_WARN_SUSPICIOUS_MOVE = YES;
				CLANG_WARN_UNREACHABLE_CODE = YES;
				CLANG_WARN__DUPLICATE_METHOD_MATCH = YES;
				"CODE_SIGN_IDENTITY[sdk=iphoneos*]" = "iPhone Developer";
				COPY_PHASE_STRIP = NO;
				DEBUG_INFORMATION_FORMAT = dwarf;
				ENABLE_STRICT_OBJC_MSGSEND = YES;
				ENABLE_TESTABILITY = YES;
				GCC_C_LANGUAGE_STANDARD = gnu99;
				GCC_DYNAMIC_NO_PIC = NO;
				GCC_NO_COMMON_BLOCKS = YES;
				GCC_OPTIMIZATION_LEVEL = 0;
				GCC_PREPROCESSOR_DEFINITIONS = (
					"DEBUG=1",
					"$(inherited)",
				);
				GCC_WARN_64_TO_32_BIT_CONVERSION = YES;
				GCC_WARN_ABOUT_RETURN_TYPE = YES_ERROR;
				GCC_WARN_UNDECLARED_SELECTOR = YES;
				GCC_WARN_UNINITIALIZED_AUTOS = YES_AGGRESSIVE;
				GCC_WARN_UNUSED_FUNCTION = YES;
				GCC_WARN_UNUSED_VARIABLE = YES;
				IPHONEOS_DEPLOYMENT_TARGET = 10.3;
				MTL_ENABLE_DEBUG_INFO = YES;
				ONLY_ACTIVE_ARCH = YES;
				SDKROOT = iphoneos;
				SWIFT_ACTIVE_COMPILATION_CONDITIONS = DEBUG;
				SWIFT_OPTIMIZATION_LEVEL = "-Onone";
			};
			name = Debug;
		};
		2A26685B1F281BF700118162 /* Release */ = {
			isa = XCBuildConfiguration;
			buildSettings = {
				ALWAYS_SEARCH_USER_PATHS = NO;
				CLANG_ANALYZER_LOCALIZABILITY_NONLOCALIZED = YES;
				CLANG_ANALYZER_NONNULL = YES;
				CLANG_ANALYZER_NUMBER_OBJECT_CONVERSION = YES_AGGRESSIVE;
				CLANG_CXX_LANGUAGE_STANDARD = "gnu++0x";
				CLANG_CXX_LIBRARY = "libc++";
				CLANG_ENABLE_MODULES = YES;
				CLANG_ENABLE_OBJC_ARC = YES;
				CLANG_WARN_BLOCK_CAPTURE_AUTORELEASING = YES;
				CLANG_WARN_BOOL_CONVERSION = YES;
				CLANG_WARN_COMMA = YES;
				CLANG_WARN_CONSTANT_CONVERSION = YES;
				CLANG_WARN_DEPRECATED_OBJC_IMPLEMENTATIONS = YES;
				CLANG_WARN_DIRECT_OBJC_ISA_USAGE = YES_ERROR;
				CLANG_WARN_DOCUMENTATION_COMMENTS = YES;
				CLANG_WARN_EMPTY_BODY = YES;
				CLANG_WARN_ENUM_CONVERSION = YES;
				CLANG_WARN_INFINITE_RECURSION = YES;
				CLANG_WARN_INT_CONVERSION = YES;
				CLANG_WARN_NON_LITERAL_NULL_CONVERSION = YES;
				CLANG_WARN_OBJC_IMPLICIT_RETAIN_SELF = YES;
				CLANG_WARN_OBJC_LITERAL_CONVERSION = YES;
				CLANG_WARN_OBJC_ROOT_CLASS = YES_ERROR;
				CLANG_WARN_RANGE_LOOP_ANALYSIS = YES;
				CLANG_WARN_STRICT_PROTOTYPES = YES;
				CLANG_WARN_SUSPICIOUS_MOVE = YES;
				CLANG_WARN_UNREACHABLE_CODE = YES;
				CLANG_WARN__DUPLICATE_METHOD_MATCH = YES;
				"CODE_SIGN_IDENTITY[sdk=iphoneos*]" = "iPhone Developer";
				COPY_PHASE_STRIP = NO;
				DEBUG_INFORMATION_FORMAT = "dwarf-with-dsym";
				ENABLE_NS_ASSERTIONS = NO;
				ENABLE_STRICT_OBJC_MSGSEND = YES;
				GCC_C_LANGUAGE_STANDARD = gnu99;
				GCC_NO_COMMON_BLOCKS = YES;
				GCC_WARN_64_TO_32_BIT_CONVERSION = YES;
				GCC_WARN_ABOUT_RETURN_TYPE = YES_ERROR;
				GCC_WARN_UNDECLARED_SELECTOR = YES;
				GCC_WARN_UNINITIALIZED_AUTOS = YES_AGGRESSIVE;
				GCC_WARN_UNUSED_FUNCTION = YES;
				GCC_WARN_UNUSED_VARIABLE = YES;
				IPHONEOS_DEPLOYMENT_TARGET = 10.3;
				MTL_ENABLE_DEBUG_INFO = NO;
				SDKROOT = iphoneos;
				SWIFT_OPTIMIZATION_LEVEL = "-Owholemodule";
				VALIDATE_PRODUCT = YES;
			};
			name = Release;
		};
		2A26685D1F281BF700118162 /* Debug */ = {
			isa = XCBuildConfiguration;
			buildSettings = {
				ASSETCATALOG_COMPILER_APPICON_NAME = AppIcon;
				INFOPLIST_FILE = checkExistAndCreateFolder/Info.plist;
				LD_RUNPATH_SEARCH_PATHS = "$(inherited) @executable_path/Frameworks";
				PRODUCT_BUNDLE_IDENTIFIER = Framgia.checkExistAndCreateFolder;
				PRODUCT_NAME = "$(TARGET_NAME)";
				SWIFT_VERSION = 5.0;
			};
			name = Debug;
		};
		2A26685E1F281BF700118162 /* Release */ = {
			isa = XCBuildConfiguration;
			buildSettings = {
				ASSETCATALOG_COMPILER_APPICON_NAME = AppIcon;
				INFOPLIST_FILE = checkExistAndCreateFolder/Info.plist;
				LD_RUNPATH_SEARCH_PATHS = "$(inherited) @executable_path/Frameworks";
				PRODUCT_BUNDLE_IDENTIFIER = Framgia.checkExistAndCreateFolder;
				PRODUCT_NAME = "$(TARGET_NAME)";
				SWIFT_VERSION = 5.0;
			};
			name = Release;
		};
		2A2668601F281BF700118162 /* Debug */ = {
			isa = XCBuildConfiguration;
			buildSettings = {
				ALWAYS_EMBED_SWIFT_STANDARD_LIBRARIES = YES;
				BUNDLE_LOADER = "$(TEST_HOST)";
				INFOPLIST_FILE = checkExistAndCreateFolderTests/Info.plist;
				LD_RUNPATH_SEARCH_PATHS = "$(inherited) @executable_path/Frameworks @loader_path/Frameworks";
				PRODUCT_BUNDLE_IDENTIFIER = Framgia.checkExistAndCreateFolderTests;
				PRODUCT_NAME = "$(TARGET_NAME)";
				SWIFT_VERSION = 3.0;
				TEST_HOST = "$(BUILT_PRODUCTS_DIR)/checkExistAndCreateFolder.app/checkExistAndCreateFolder";
			};
			name = Debug;
		};
		2A2668611F281BF700118162 /* Release */ = {
			isa = XCBuildConfiguration;
			buildSettings = {
				ALWAYS_EMBED_SWIFT_STANDARD_LIBRARIES = YES;
				BUNDLE_LOADER = "$(TEST_HOST)";
				INFOPLIST_FILE = checkExistAndCreateFolderTests/Info.plist;
				LD_RUNPATH_SEARCH_PATHS = "$(inherited) @executable_path/Frameworks @loader_path/Frameworks";
				PRODUCT_BUNDLE_IDENTIFIER = Framgia.checkExistAndCreateFolderTests;
				PRODUCT_NAME = "$(TARGET_NAME)";
				SWIFT_VERSION = 3.0;
				TEST_HOST = "$(BUILT_PRODUCTS_DIR)/checkExistAndCreateFolder.app/checkExistAndCreateFolder";
			};
			name = Release;
		};
		2A2668631F281BF700118162 /* Debug */ = {
			isa = XCBuildConfiguration;
			buildSettings = {
				ALWAYS_EMBED_SWIFT_STANDARD_LIBRARIES = YES;
				INFOPLIST_FILE = checkExistAndCreateFolderUITests/Info.plist;
				LD_RUNPATH_SEARCH_PATHS = "$(inherited) @executable_path/Frameworks @loader_path/Frameworks";
				PRODUCT_BUNDLE_IDENTIFIER = Framgia.checkExistAndCreateFolderUITests;
				PRODUCT_NAME = "$(TARGET_NAME)";
				SWIFT_VERSION = 3.0;
				TEST_TARGET_NAME = checkExistAndCreateFolder;
			};
			name = Debug;
		};
		2A2668641F281BF700118162 /* Release */ = {
			isa = XCBuildConfiguration;
			buildSettings = {
				ALWAYS_EMBED_SWIFT_STANDARD_LIBRARIES = YES;
				INFOPLIST_FILE = checkExistAndCreateFolderUITests/Info.plist;
				LD_RUNPATH_SEARCH_PATHS = "$(inherited) @executable_path/Frameworks @loader_path/Frameworks";
				PRODUCT_BUNDLE_IDENTIFIER = Framgia.checkExistAndCreateFolderUITests;
				PRODUCT_NAME = "$(TARGET_NAME)";
				SWIFT_VERSION = 3.0;
				TEST_TARGET_NAME = checkExistAndCreateFolder;
			};
			name = Release;
		};
/* End XCBuildConfiguration section */

/* Begin XCConfigurationList section */
		2A26682F1F281BF700118162 /* Build configuration list for PBXProject "checkExistAndCreateFolder" */ = {
			isa = XCConfigurationList;
			buildConfigurations = (
				2A26685A1F281BF700118162 /* Debug */,
				2A26685B1F281BF700118162 /* Release */,
			);
			defaultConfigurationIsVisible = 0;
			defaultConfigurationName = Release;
		};
		2A26685C1F281BF700118162 /* Build configuration list for PBXNativeTarget "checkExistAndCreateFolder" */ = {
			isa = XCConfigurationList;
			buildConfigurations = (
				2A26685D1F281BF700118162 /* Debug */,
				2A26685E1F281BF700118162 /* Release */,
			);
			defaultConfigurationIsVisible = 0;
			defaultConfigurationName = Release;
		};
		2A26685F1F281BF700118162 /* Build configuration list for PBXNativeTarget "checkExistAndCreateFolderTests" */ = {
			isa = XCConfigurationList;
			buildConfigurations = (
				2A2668601F281BF700118162 /* Debug */,
				2A2668611F281BF700118162 /* Release */,
			);
			defaultConfigurationIsVisible = 0;
			defaultConfigurationName = Release;
		};
		2A2668621F281BF700118162 /* Build configuration list for PBXNativeTarget "checkExistAndCreateFolderUITests" */ = {
			isa = XCConfigurationList;
			buildConfigurations = (
				2A2668631F281BF700118162 /* Debug */,
				2A2668641F281BF700118162 /* Release */,
			);
			defaultConfigurationIsVisible = 0;
			defaultConfigurationName = Release;
		};
/* End XCConfigurationList section */
	};
	rootObject = 2A26682C1F281BF700118162 /* Project object */;
}
